
Microsoft Visual Studio Solution File, Format Version 12.00
# Visual Studio Version 16
VisualStudioVersion = 25.0.1706.8
MinimumVisualStudioVersion = 10.0.40219.1
Project("{FAE04EC0-301F-11D3-BF4B-00C04F79EFBC}") = "UrlShortener", "UrlShortener\UrlShortener.csproj", "{487654EF-BEF3-4CB1-B627-EAD1BE48DBB5}"
EndProject
Project("{E53339B2-1760-4266-BCC7-CA923CBCF16C}") = "docker-compose", "docker-compose.dcproj", "{08BBB90D-B43E-4DD2-840F-00D2D3C4F8C0}"
EndProject
Global
	GlobalSection(SolutionConfigurationPlatforms) = preSolution
		Debug|Any CPU = Debug|Any CPU
		Release|Any CPU = Release|Any CPU
	EndGlobalSection
	GlobalSection(ProjectConfigurationPlatforms) = postSolution
		{487654EF-BEF3-4CB1-B627-EAD1BE48DBB5}.Debug|Any CPU.ActiveCfg = Debug|Any CPU
		{487654EF-BEF3-4CB1-B627-EAD1BE48DBB5}.Debug|Any CPU.Build.0 = Debug|Any CPU
		{487654EF-BEF3-4CB1-B627-EAD1BE48DBB5}.Release|Any CPU.ActiveCfg = Release|Any CPU
		{487654EF-BEF3-4CB1-B627-EAD1BE48DBB5}.Release|Any CPU.Build.0 = Release|Any CPU
		{08BBB90D-B43E-4DD2-840F-00D2D3C4F8C0}.Debug|Any CPU.ActiveCfg = Debug|Any CPU
		{08BBB90D-B43E-4DD2-840F-00D2D3C4F8C0}.Debug|Any CPU.Build.0 = Debug|Any CPU
		{08BBB90D-B43E-4DD2-840F-00D2D3C4F8C0}.Release|Any CPU.ActiveCfg = Release|Any CPU
		{08BBB90D-B43E-4DD2-840F-00D2D3C4F8C0}.Release|Any CPU.Build.0 = Release|Any CPU
	EndGlobalSection
	GlobalSection(SolutionProperties) = preSolution
		HideSolutionNode = FALSE
	EndGlobalSection
	GlobalSection(ExtensibilityGlobals) = postSolution
		SolutionGuid = {E15FEB8E-8BC5-455B-86F4-F9E16A426326}
	EndGlobalSection
EndGlobal
